
Microsoft Visual Studio Solution File, Format Version 12.00
# Visual Studio Version 17
VisualStudioVersion = 17.0.31903.59
MinimumVisualStudioVersion = 10.0.40219.1
Project("{FAE04EC0-301F-11D3-BF4B-00C04F79EFBC}") = "StringLibrary", "StringLibrary\StringLibrary.csproj", "{32661C65-BC59-4827-9D31-5FB6EAEFF70A}"
EndProject
Project("{FAE04EC0-301F-11D3-BF4B-00C04F79EFBC}") = "ShowCase", "ShowCase\ShowCase.csproj", "{A656C6CC-AB6D-4333-B736-8F5D2D29C264}"
EndProject
Project("{FAE04EC0-301F-11D3-BF4B-00C04F79EFBC}") = "StringLibraryTest", "StringLibraryTest\StringLibraryTest.csproj", "{A8B51CFB-E86E-417B-B3C5-F399376218EF}"
EndProject
Global
	GlobalSection(SolutionConfigurationPlatforms) = preSolution
		Debug|Any CPU = Debug|Any CPU
		Release|Any CPU = Release|Any CPU
	EndGlobalSection
	GlobalSection(SolutionProperties) = preSolution
		HideSolutionNode = FALSE
	EndGlobalSection
	GlobalSection(ProjectConfigurationPlatforms) = postSolution
		{32661C65-BC59-4827-9D31-5FB6EAEFF70A}.Debug|Any CPU.ActiveCfg = Debug|Any CPU
		{32661C65-BC59-4827-9D31-5FB6EAEFF70A}.Debug|Any CPU.Build.0 = Debug|Any CPU
		{32661C65-BC59-4827-9D31-5FB6EAEFF70A}.Release|Any CPU.ActiveCfg = Release|Any CPU
		{32661C65-BC59-4827-9D31-5FB6EAEFF70A}.Release|Any CPU.Build.0 = Release|Any CPU
		{A656C6CC-AB6D-4333-B736-8F5D2D29C264}.Debug|Any CPU.ActiveCfg = Debug|Any CPU
		{A656C6CC-AB6D-4333-B736-8F5D2D29C264}.Debug|Any CPU.Build.0 = Debug|Any CPU
		{A656C6CC-AB6D-4333-B736-8F5D2D29C264}.Release|Any CPU.ActiveCfg = Release|Any CPU
		{A656C6CC-AB6D-4333-B736-8F5D2D29C264}.Release|Any CPU.Build.0 = Release|Any CPU
		{A8B51CFB-E86E-417B-B3C5-F399376218EF}.Debug|Any CPU.ActiveCfg = Debug|Any CPU
		{A8B51CFB-E86E-417B-B3C5-F399376218EF}.Debug|Any CPU.Build.0 = Debug|Any CPU
		{A8B51CFB-E86E-417B-B3C5-F399376218EF}.Release|Any CPU.ActiveCfg = Release|Any CPU
		{A8B51CFB-E86E-417B-B3C5-F399376218EF}.Release|Any CPU.Build.0 = Release|Any CPU
	EndGlobalSection
EndGlobal
